// !$*UTF8*$!
{
	archiveVersion = 1;
	classes = {
	};
	objectVersion = 46;
	objects = {

/* Begin PBXBuildFile section */
		8D0A34F61CA026E500ED7EA8 /* AppDelegate.swift in Sources */ = {isa = PBXBuildFile; fileRef = 8D0A34F51CA026E500ED7EA8 /* AppDelegate.swift */; };
		8D0A34F81CA026E500ED7EA8 /* ViewController.swift in Sources */ = {isa = PBXBuildFile; fileRef = 8D0A34F71CA026E500ED7EA8 /* ViewController.swift */; };
		8D0A34FB1CA026E500ED7EA8 /* Main.storyboard in Resources */ = {isa = PBXBuildFile; fileRef = 8D0A34F91CA026E500ED7EA8 /* Main.storyboard */; };
		8D0A34FD1CA026E500ED7EA8 /* Assets.xcassets in Resources */ = {isa = PBXBuildFile; fileRef = 8D0A34FC1CA026E500ED7EA8 /* Assets.xcassets */; };
		8D0A35001CA026E500ED7EA8 /* LaunchScreen.storyboard in Resources */ = {isa = PBXBuildFile; fileRef = 8D0A34FE1CA026E500ED7EA8 /* LaunchScreen.storyboard */; };
/* End PBXBuildFile section */

/* Begin PBXFileReference section */
		8D0A34F21CA026E500ED7EA8 /* WDCardContainerView.app */ = {isa = PBXFileReference; explicitFileType = wrapper.application; includeInIndex = 0; path = WDCardContainerView.app; sourceTree = BUILT_PRODUCTS_DIR; };
		8D0A34F51CA026E500ED7EA8 /* AppDelegate.swift */ = {isa = PBXFileReference; lastKnownFileType = sourcecode.swift; path = AppDelegate.swift; sourceTree = "<group>"; };
		8D0A34F71CA026E500ED7EA8 /* ViewController.swift */ = {isa = PBXFileReference; lastKnownFileType = sourcecode.swift; path = ViewController.swift; sourceTree = "<group>"; };
		8D0A34FA1CA026E500ED7EA8 /* Base */ = {isa = PBXFileReference; lastKnownFileType = file.storyboard; name = Base; path = Base.lproj/Main.storyboard; sourceTree = "<group>"; };
		8D0A34FC1CA026E500ED7EA8 /* Assets.xcassets */ = {isa = PBXFileReference; lastKnownFileType = folder.assetcatalog; path = Assets.xcassets; sourceTree = "<group>"; };
		8D0A34FF1CA026E500ED7EA8 /* Base */ = {isa = PBXFileReference; lastKnownFileType = file.storyboard; name = Base; path = Base.lproj/LaunchScreen.storyboard; sourceTree = "<group>"; };
		8D0A35011CA026E500ED7EA8 /* Info.plist */ = {isa = PBXFileReference; lastKnownFileType = text.plist.xml; path = Info.plist; sourceTree = "<group>"; };
/* End PBXFileReference section */

/* Begin PBXFrameworksBuildPhase section */
		8D0A34EF1CA026E500ED7EA8 /* Frameworks */ = {
			isa = PBXFrameworksBuildPhase;
			buildActionMask = 2147483647;
			files = (
			);
			runOnlyForDeploymentPostprocessing = 0;
		};
/* End PBXFrameworksBuildPhase section */

/* Begin PBXGroup section */
		8D0A34E91CA026E500ED7EA8 = {
			isa = PBXGroup;
			children = (
				8D0A34F41CA026E500ED7EA8 /* WDCardContainerView */,
				8D0A34F31CA026E500ED7EA8 /* Products */,
			);
			sourceTree = "<group>";
		};
		8D0A34F31CA026E500ED7EA8 /* Products */ = {
			isa = PBXGroup;
			children = (
				8D0A34F21CA026E500ED7EA8 /* WDCardContainerView.app */,
			);
			name = Products;
			sourceTree = "<group>";
		};
		8D0A34F41CA026E500ED7EA8 /* WDCardContainerView */ = {
			isa = PBXGroup;
			children = (
				8D0A34F51CA026E500ED7EA8 /* AppDelegate.swift */,
				8D0A34F71CA026E500ED7EA8 /* ViewController.swift */,
				8D0A34F91CA026E500ED7EA8 /* Main.storyboard */,
				8D0A34FC1CA026E500ED7EA8 /* Assets.xcassets */,
				8D0A34FE1CA026E500ED7EA8 /* LaunchScreen.storyboard */,
				8D0A35011CA026E500ED7EA8 /* Info.plist */,
			);
			path = WDCardContainerView;
			sourceTree = "<group>";
		};
/* End PBXGroup section */

/* Begin PBXNativeTarget section */
		8D0A34F11CA026E500ED7EA8 /* WDCardContainerView */ = {
			isa = PBXNativeTarget;
			buildConfigurationList = 8D0A35041CA026E500ED7EA8 /* Build configuration list for PBXNativeTarget "WDCardContainerView" */;
			buildPhases = (
				8D0A34EE1CA026E500ED7EA8 /* Sources */,
				8D0A34EF1CA026E500ED7EA8 /* Frameworks */,
				8D0A34F01CA026E500ED7EA8 /* Resources */,
			);
			buildRules = (
			);
			dependencies = (
			);
			name = WDCardContainerView;
			productName = WDCardContainerView;
			productReference = 8D0A34F21CA026E500ED7EA8 /* WDCardContainerView.app */;
			productType = "com.apple.product-type.application";
		};
/* End PBXNativeTarget section */

/* Begin PBXProject section */
		8D0A34EA1CA026E500ED7EA8 /* Project object */ = {
			isa = PBXProject;
			attributes = {
				LastSwiftUpdateCheck = 0720;
				LastUpgradeCheck = 0720;
				ORGANIZATIONNAME = expandshare;
				TargetAttributes = {
					8D0A34F11CA026E500ED7EA8 = {
						CreatedOnToolsVersion = 7.2;
					};
				};
			};
			buildConfigurationList = 8D0A34ED1CA026E500ED7EA8 /* Build configuration list for PBXProject "WDCardContainerView" */;
			compatibilityVersion = "Xcode 3.2";
			developmentRegion = English;
			hasScannedForEncodings = 0;
			knownRegions = (
				en,
				Base,
			);
			mainGroup = 8D0A34E91CA026E500ED7EA8;
			productRefGroup = 8D0A34F31CA026E500ED7EA8 /* Products */;
			projectDirPath = "";
			projectRoot = "";
			targets = (
				8D0A34F11CA026E500ED7EA8 /* WDCardContainerView */,
			);
		};
/* End PBXProject section */

/* Begin PBXResourcesBuildPhase section */
		8D0A34F01CA026E500ED7EA8 /* Resources */ = {
			isa = PBXResourcesBuildPhase;
			buildActionMask = 2147483647;
			files = (
				8D0A35001CA026E500ED7EA8 /* LaunchScreen.storyboard in Resources */,
				8D0A34FD1CA026E500ED7EA8 /* Assets.xcassets in Resources */,
				8D0A34FB1CA026E500ED7EA8 /* Main.storyboard in Resources */,
			);
			runOnlyForDeploymentPostprocessing = 0;
		};
/* End PBXResourcesBuildPhase section */

/* Begin PBXSourcesBuildPhase section */
		8D0A34EE1CA026E500ED7EA8 /* Sources */ = {
			isa = PBXSourcesBuildPhase;
			buildActionMask = 2147483647;
			files = (
				8D0A34F81CA026E500ED7EA8 /* ViewController.swift in Sources */,
				8D0A34F61CA026E500ED7EA8 /* AppDelegate.swift in Sources */,
			);
			runOnlyForDeploymentPostprocessing = 0;
		};
/* End PBXSourcesBuildPhase section */

/* Begin PBXVariantGroup section */
		8D0A34F91CA026E500ED7EA8 /* Main.storyboard */ = {
			isa = PBXVariantGroup;
			children = (
				8D0A34FA1CA026E500ED7EA8 /* Base */,
			);
			name = Main.storyboard;
			sourceTree = "<group>";
		};
		8D0A34FE1CA026E500ED7EA8 /* LaunchScreen.storyboard */ = {
			isa = PBXVariantGroup;
			children = (
				8D0A34FF1CA026E500ED7EA8 /* Base */,
			);
			name = LaunchScreen.storyboard;
			sourceTree = "<group>";
		};
/* End PBXVariantGroup section */

/* Begin XCBuildConfiguration section */
		8D0A35021CA026E500ED7EA8 /* Debug */ = {
			isa = XCBuildConfiguration;
			buildSettings = {
				ALWAYS_SEARCH_USER_PATHS = NO;
				CLANG_CXX_LANGUAGE_STANDARD = "gnu++0x";
				CLANG_CXX_LIBRARY = "libc++";
				CLANG_ENABLE_MODULES = YES;
				CLANG_ENABLE_OBJC_ARC = YES;
				CLANG_WARN_BOOL_CONVERSION = YES;
				CLANG_WARN_CONSTANT_CONVERSION = YES;
				CLANG_WARN_DIRECT_OBJC_ISA_USAGE = YES_ERROR;
				CLANG_WARN_EMPTY_BODY = YES;
				CLANG_WARN_ENUM_CONVERSION = YES;
				CLANG_WARN_INT_CONVERSION = YES;
				CLANG_WARN_OBJC_ROOT_CLASS = YES_ERROR;
				CLANG_WARN_UNREACHABLE_CODE = YES;
				CLANG_WARN__DUPLICATE_METHOD_MATCH = YES;
				"CODE_SIGN_IDENTITY[sdk=iphoneos*]" = "iPhone Developer";
				COPY_PHASE_STRIP = NO;
				DEBUG_INFORMATION_FORMAT = dwarf;
				ENABLE_STRICT_OBJC_MSGSEND = YES;
				ENABLE_TESTABILITY = YES;
				GCC_C_LANGUAGE_STANDARD = gnu99;
				GCC_DYNAMIC_NO_PIC = NO;
				GCC_NO_COMMON_BLOCKS = YES;
				GCC_OPTIMIZATION_LEVEL = 0;
				GCC_PREPROCESSOR_DEFINITIONS = (
					"DEBUG=1",
					"$(inherited)",
				);
				GCC_WARN_64_TO_32_BIT_CONVERSION = YES;
				GCC_WARN_ABOUT_RETURN_TYPE = YES_ERROR;
				GCC_WARN_UNDECLARED_SELECTOR = YES;
				GCC_WARN_UNINITIALIZED_AUTOS = YES_AGGRESSIVE;
				GCC_WARN_UNUSED_FUNCTION = YES;
				GCC_WARN_UNUSED_VARIABLE = YES;
				IPHONEOS_DEPLOYMENT_TARGET = 9.2;
				MTL_ENABLE_DEBUG_INFO = YES;
				ONLY_ACTIVE_ARCH = YES;
				SDKROOT = iphoneos;
				SWIFT_OPTIMIZATION_LEVEL = "-Onone";
				TARGETED_DEVICE_FAMILY = "1,2";
			};
			name = Debug;
		};
		8D0A35031CA026E500ED7EA8 /* Release */ = {
			isa = XCBuildConfiguration;
			buildSettings = {
				ALWAYS_SEARCH_USER_PATHS = NO;
				CLANG_CXX_LANGUAGE_STANDARD = "gnu++0x";
				CLANG_CXX_LIBRARY = "libc++";
				CLANG_ENABLE_MODULES = YES;
				CLANG_ENABLE_OBJC_ARC = YES;
				CLANG_WARN_BOOL_CONVERSION = YES;
				CLANG_WARN_CONSTANT_CONVERSION = YES;
				CLANG_WARN_DIRECT_OBJC_ISA_USAGE = YES_ERROR;
				CLANG_WARN_EMPTY_BODY = YES;
				CLANG_WARN_ENUM_CONVERSION = YES;
				CLANG_WARN_INT_CONVERSION = YES;
				CLANG_WARN_OBJC_ROOT_CLASS = YES_ERROR;
				CLANG_WARN_UNREACHABLE_CODE = YES;
				CLANG_WARN__DUPLICATE_METHOD_MATCH = YES;
				"CODE_SIGN_IDENTITY[sdk=iphoneos*]" = "iPhone Developer";
				COPY_PHASE_STRIP = NO;
				DEBUG_INFORMATION_FORMAT = "dwarf-with-dsym";
				ENABLE_NS_ASSERTIONS = NO;
				ENABLE_STRICT_OBJC_MSGSEND = YES;
				GCC_C_LANGUAGE_STANDARD = gnu99;
				GCC_NO_COMMON_BLOCKS = YES;
				GCC_WARN_64_TO_32_BIT_CONVERSION = YES;
				GCC_WARN_ABOUT_RETURN_TYPE = YES_ERROR;
				GCC_WARN_UNDECLARED_SELECTOR = YES;
				GCC_WARN_UNINITIALIZED_AUTOS = YES_AGGRESSIVE;
				GCC_WARN_UNUSED_FUNCTION = YES;
				GCC_WARN_UNUSED_VARIABLE = YES;
				IPHONEOS_DEPLOYMENT_TARGET = 9.2;
				MTL_ENABLE_DEBUG_INFO = NO;
				SDKROOT = iphoneos;
				TARGETED_DEVICE_FAMILY = "1,2";
				VALIDATE_PRODUCT = YES;
			};
			name = Release;
		};
		8D0A35051CA026E500ED7EA8 /* Debug */ = {
			isa = XCBuildConfiguration;
			buildSettings = {
				ASSETCATALOG_COMPILER_APPICON_NAME = AppIcon;
				INFOPLIST_FILE = WDCardContainerView/Info.plist;
				LD_RUNPATH_SEARCH_PATHS = "$(inherited) @executable_path/Frameworks";
				PRODUCT_BUNDLE_IDENTIFIER = com.expandshare.WDCardContainerView;
				PRODUCT_NAME = "$(TARGET_NAME)";
			};
			name = Debug;
		};
		8D0A35061CA026E500ED7EA8 /* Release */ = {
			isa = XCBuildConfiguration;
			buildSettings = {
				ASSETCATALOG_COMPILER_APPICON_NAME = AppIcon;
				INFOPLIST_FILE = WDCardContainerView/Info.plist;
				LD_RUNPATH_SEARCH_PATHS = "$(inherited) @executable_path/Frameworks";
				PRODUCT_BUNDLE_IDENTIFIER = com.expandshare.WDCardContainerView;
				PRODUCT_NAME = "$(TARGET_NAME)";
			};
			name = Release;
		};
/* End XCBuildConfiguration section */

/* Begin XCConfigurationList section */
		8D0A34ED1CA026E500ED7EA8 /* Build configuration list for PBXProject "WDCardContainerView" */ = {
			isa = XCConfigurationList;
			buildConfigurations = (
				8D0A35021CA026E500ED7EA8 /* Debug */,
				8D0A35031CA026E500ED7EA8 /* Release */,
			);
			defaultConfigurationIsVisible = 0;
			defaultConfigurationName = Release;
		};
		8D0A35041CA026E500ED7EA8 /* Build configuration list for PBXNativeTarget "WDCardContainerView" */ = {
			isa = XCConfigurationList;
			buildConfigurations = (
				8D0A35051CA026E500ED7EA8 /* Debug */,
				8D0A35061CA026E500ED7EA8 /* Release */,
			);
			defaultConfigurationIsVisible = 0;
		};
/* End XCConfigurationList section */
	};
	rootObject = 8D0A34EA1CA026E500ED7EA8 /* Project object */;
}
